
Microsoft Visual Studio Solution File, Format Version 12.00
# Visual Studio 14
VisualStudioVersion = 14.0.23107.0
MinimumVisualStudioVersion = 10.0.40219.1
Project("{FAE04EC0-301F-11D3-BF4B-00C04F79EFBC}") = "MegaCastingsWPF", "MegaCastingsWPF\MegaCastingsWPF.csproj", "{47108C94-9031-4178-80E1-E89B5BDA24BF}"
EndProject
Project("{FAE04EC0-301F-11D3-BF4B-00C04F79EFBC}") = "MegaCastingsDblib", "MegaCastingsDblib\MegaCastingsDblib.csproj", "{283C2BD2-B5E2-4EAE-811D-907250BD4116}"
EndProject
Global
	GlobalSection(SolutionConfigurationPlatforms) = preSolution
		Debug|Any CPU = Debug|Any CPU
		Release|Any CPU = Release|Any CPU
	EndGlobalSection
	GlobalSection(ProjectConfigurationPlatforms) = postSolution
		{47108C94-9031-4178-80E1-E89B5BDA24BF}.Debug|Any CPU.ActiveCfg = Debug|Any CPU
		{47108C94-9031-4178-80E1-E89B5BDA24BF}.Debug|Any CPU.Build.0 = Debug|Any CPU
		{47108C94-9031-4178-80E1-E89B5BDA24BF}.Release|Any CPU.ActiveCfg = Release|Any CPU
		{47108C94-9031-4178-80E1-E89B5BDA24BF}.Release|Any CPU.Build.0 = Release|Any CPU
		{283C2BD2-B5E2-4EAE-811D-907250BD4116}.Debug|Any CPU.ActiveCfg = Debug|Any CPU
		{283C2BD2-B5E2-4EAE-811D-907250BD4116}.Debug|Any CPU.Build.0 = Debug|Any CPU
		{283C2BD2-B5E2-4EAE-811D-907250BD4116}.Release|Any CPU.ActiveCfg = Release|Any CPU
		{283C2BD2-B5E2-4EAE-811D-907250BD4116}.Release|Any CPU.Build.0 = Release|Any CPU
	EndGlobalSection
	GlobalSection(SolutionProperties) = preSolution
		HideSolutionNode = FALSE
	EndGlobalSection
EndGlobal
